
Microsoft Visual Studio Solution File, Format Version 12.00
# Visual Studio Version 17
VisualStudioVersion = 17.10.35004.147
MinimumVisualStudioVersion = 10.0.40219.1
Project("{9A19103F-16F7-4668-BE54-9A1E7A4F7556}") = "StudentNameWPF", "StudentNameWPF\StudentNameWPF.csproj", "{9B11111C-487B-4818-BDEA-0B3DFF805D98}"
EndProject
Project("{FAE04EC0-301F-11D3-BF4B-00C04F79EFBC}") = "FUMiniHotelDAL", "FUMiniHotelDAL\FUMiniHotelDAL.csproj", "{55DC8ED3-C26A-4AA3-9910-86CDA5E9A994}"
EndProject
Project("{FAE04EC0-301F-11D3-BF4B-00C04F79EFBC}") = "FUMiniHotelBLL", "FUMiniHotelBLL\FUMiniHotelBLL.csproj", "{93226E20-07C2-4F4E-8AE6-13F94C8AF0D4}"
EndProject
Global
	GlobalSection(SolutionConfigurationPlatforms) = preSolution
		Debug|Any CPU = Debug|Any CPU
		Release|Any CPU = Release|Any CPU
	EndGlobalSection
	GlobalSection(ProjectConfigurationPlatforms) = postSolution
		{9B11111C-487B-4818-BDEA-0B3DFF805D98}.Debug|Any CPU.ActiveCfg = Debug|Any CPU
		{9B11111C-487B-4818-BDEA-0B3DFF805D98}.Debug|Any CPU.Build.0 = Debug|Any CPU
		{9B11111C-487B-4818-BDEA-0B3DFF805D98}.Release|Any CPU.ActiveCfg = Release|Any CPU
		{9B11111C-487B-4818-BDEA-0B3DFF805D98}.Release|Any CPU.Build.0 = Release|Any CPU
		{55DC8ED3-C26A-4AA3-9910-86CDA5E9A994}.Debug|Any CPU.ActiveCfg = Debug|Any CPU
		{55DC8ED3-C26A-4AA3-9910-86CDA5E9A994}.Debug|Any CPU.Build.0 = Debug|Any CPU
		{55DC8ED3-C26A-4AA3-9910-86CDA5E9A994}.Release|Any CPU.ActiveCfg = Release|Any CPU
		{55DC8ED3-C26A-4AA3-9910-86CDA5E9A994}.Release|Any CPU.Build.0 = Release|Any CPU
		{93226E20-07C2-4F4E-8AE6-13F94C8AF0D4}.Debug|Any CPU.ActiveCfg = Debug|Any CPU
		{93226E20-07C2-4F4E-8AE6-13F94C8AF0D4}.Debug|Any CPU.Build.0 = Debug|Any CPU
		{93226E20-07C2-4F4E-8AE6-13F94C8AF0D4}.Release|Any CPU.ActiveCfg = Release|Any CPU
		{93226E20-07C2-4F4E-8AE6-13F94C8AF0D4}.Release|Any CPU.Build.0 = Release|Any CPU
	EndGlobalSection
	GlobalSection(SolutionProperties) = preSolution
		HideSolutionNode = FALSE
	EndGlobalSection
	GlobalSection(ExtensibilityGlobals) = postSolution
		SolutionGuid = {B4DF5781-AF37-4F1E-853C-E5CF465FBA37}
	EndGlobalSection
EndGlobal
